// !$*UTF8*$!
{
	archiveVersion = 1;
	classes = {
	};
	objectVersion = 50;
	objects = {

/* Begin PBXBuildFile section */
		B4109EB722099B22006CC52C /* CitiesTableViewController.swift in Sources */ = {isa = PBXBuildFile; fileRef = B4109EB622099B22006CC52C /* CitiesTableViewController.swift */; };
		B4109EB922099D14006CC52C /* LocationServices.swift in Sources */ = {isa = PBXBuildFile; fileRef = B4109EB822099D14006CC52C /* LocationServices.swift */; };
		B4552AF021FF04E600CA18AE /* firTest.json in Resources */ = {isa = PBXBuildFile; fileRef = B4552AEF21FF04E600CA18AE /* firTest.json */; };
		B4552AF221FF328500CA18AE /* countriesTest.json in Resources */ = {isa = PBXBuildFile; fileRef = B4552AF121FF328200CA18AE /* countriesTest.json */; };
		B458A31121FCCDD700C5990B /* LauncherViewController.swift in Sources */ = {isa = PBXBuildFile; fileRef = B458A31021FCCDD700C5990B /* LauncherViewController.swift */; };
		B458A31421FCD17000C5990B /* MapViewController.swift in Sources */ = {isa = PBXBuildFile; fileRef = B458A31321FCD17000C5990B /* MapViewController.swift */; };
		B458A31621FCD19100C5990B /* Extensions.swift in Sources */ = {isa = PBXBuildFile; fileRef = B458A31521FCD19100C5990B /* Extensions.swift */; };
		B463ADD621FCCC5E00F072BB /* AppDelegate.swift in Sources */ = {isa = PBXBuildFile; fileRef = B463ADD521FCCC5E00F072BB /* AppDelegate.swift */; };
		B463ADDD21FCCC6100F072BB /* Assets.xcassets in Resources */ = {isa = PBXBuildFile; fileRef = B463ADDC21FCCC6100F072BB /* Assets.xcassets */; };
		B463ADE021FCCC6100F072BB /* LaunchScreen.storyboard in Resources */ = {isa = PBXBuildFile; fileRef = B463ADDE21FCCC6100F072BB /* LaunchScreen.storyboard */; };
		B46FE80521FE126D0039729D /* APIResponse.swift in Sources */ = {isa = PBXBuildFile; fileRef = B46FE80421FE126D0039729D /* APIResponse.swift */; };
		B483478F21FE2B1A00F9060F /* GlovoAPITest.swift in Sources */ = {isa = PBXBuildFile; fileRef = B483478E21FE2B1A00F9060F /* GlovoAPITest.swift */; };
		B499564521FDFBEB000C8A3D /* Router.swift in Sources */ = {isa = PBXBuildFile; fileRef = B499564421FDFBEB000C8A3D /* Router.swift */; };
		B4B4FA2421FCFD90005CD17B /* Model.swift in Sources */ = {isa = PBXBuildFile; fileRef = B4B4FA2321FCFD90005CD17B /* Model.swift */; };
		B4C2B30021FCF88E00866E86 /* ModelJSON.swift in Sources */ = {isa = PBXBuildFile; fileRef = B4C2B2FF21FCF88E00866E86 /* ModelJSON.swift */; };
		B4DF2F9521FE356100FAC719 /* citiesTest.json in Resources */ = {isa = PBXBuildFile; fileRef = B4DF2F9421FE356100FAC719 /* citiesTest.json */; };
		B4FB6CE42200F6270013AEA2 /* Polyline.swift in Sources */ = {isa = PBXBuildFile; fileRef = B4FB6CE32200F6270013AEA2 /* Polyline.swift */; };
		B4FB6CEA2201000D0013AEA2 /* FloatingPanel.framework in Frameworks */ = {isa = PBXBuildFile; fileRef = B4FB6CE92201000D0013AEA2 /* FloatingPanel.framework */; };
		B4FB6CEC220100540013AEA2 /* CitiesViewController.swift in Sources */ = {isa = PBXBuildFile; fileRef = B4FB6CEB220100540013AEA2 /* CitiesViewController.swift */; };
/* End PBXBuildFile section */

/* Begin PBXContainerItemProxy section */
		B483479121FE2B1A00F9060F /* PBXContainerItemProxy */ = {
			isa = PBXContainerItemProxy;
			containerPortal = B463ADCA21FCCC5E00F072BB /* Project object */;
			proxyType = 1;
			remoteGlobalIDString = B463ADD121FCCC5E00F072BB;
			remoteInfo = "Glovo App";
		};
/* End PBXContainerItemProxy section */

/* Begin PBXFileReference section */
		B4109EB622099B22006CC52C /* CitiesTableViewController.swift */ = {isa = PBXFileReference; lastKnownFileType = sourcecode.swift; path = CitiesTableViewController.swift; sourceTree = "<group>"; };
		B4109EB822099D14006CC52C /* LocationServices.swift */ = {isa = PBXFileReference; lastKnownFileType = sourcecode.swift; path = LocationServices.swift; sourceTree = "<group>"; };
		B4109EBA2209CE04006CC52C /* bariLocation.gpx */ = {isa = PBXFileReference; lastKnownFileType = text.xml; name = bariLocation.gpx; path = ../../../../Desktop/bariLocation.gpx; sourceTree = "<group>"; };
		B4552AEF21FF04E600CA18AE /* firTest.json */ = {isa = PBXFileReference; lastKnownFileType = text.json; path = firTest.json; sourceTree = "<group>"; };
		B4552AF121FF328200CA18AE /* countriesTest.json */ = {isa = PBXFileReference; lastKnownFileType = text.json; path = countriesTest.json; sourceTree = "<group>"; };
		B458A31021FCCDD700C5990B /* LauncherViewController.swift */ = {isa = PBXFileReference; lastKnownFileType = sourcecode.swift; path = LauncherViewController.swift; sourceTree = "<group>"; };
		B458A31321FCD17000C5990B /* MapViewController.swift */ = {isa = PBXFileReference; lastKnownFileType = sourcecode.swift; path = MapViewController.swift; sourceTree = "<group>"; };
		B458A31521FCD19100C5990B /* Extensions.swift */ = {isa = PBXFileReference; lastKnownFileType = sourcecode.swift; path = Extensions.swift; sourceTree = "<group>"; };
		B463ADD221FCCC5E00F072BB /* Glovo App.app */ = {isa = PBXFileReference; explicitFileType = wrapper.application; includeInIndex = 0; path = "Glovo App.app"; sourceTree = BUILT_PRODUCTS_DIR; };
		B463ADD521FCCC5E00F072BB /* AppDelegate.swift */ = {isa = PBXFileReference; lastKnownFileType = sourcecode.swift; path = AppDelegate.swift; sourceTree = "<group>"; };
		B463ADDC21FCCC6100F072BB /* Assets.xcassets */ = {isa = PBXFileReference; lastKnownFileType = folder.assetcatalog; path = Assets.xcassets; sourceTree = "<group>"; };
		B463ADDF21FCCC6100F072BB /* Base */ = {isa = PBXFileReference; lastKnownFileType = file.storyboard; name = Base; path = Base.lproj/LaunchScreen.storyboard; sourceTree = "<group>"; };
		B463ADE121FCCC6100F072BB /* Info.plist */ = {isa = PBXFileReference; lastKnownFileType = text.plist.xml; path = Info.plist; sourceTree = "<group>"; };
		B46FE80421FE126D0039729D /* APIResponse.swift */ = {isa = PBXFileReference; lastKnownFileType = sourcecode.swift; path = APIResponse.swift; sourceTree = "<group>"; };
		B483478C21FE2B1A00F9060F /* Glovo AppTests.xctest */ = {isa = PBXFileReference; explicitFileType = wrapper.cfbundle; includeInIndex = 0; path = "Glovo AppTests.xctest"; sourceTree = BUILT_PRODUCTS_DIR; };
		B483478E21FE2B1A00F9060F /* GlovoAPITest.swift */ = {isa = PBXFileReference; lastKnownFileType = sourcecode.swift; path = GlovoAPITest.swift; sourceTree = "<group>"; };
		B483479021FE2B1A00F9060F /* Info.plist */ = {isa = PBXFileReference; lastKnownFileType = text.plist.xml; path = Info.plist; sourceTree = "<group>"; };
		B499564421FDFBEB000C8A3D /* Router.swift */ = {isa = PBXFileReference; lastKnownFileType = sourcecode.swift; path = Router.swift; sourceTree = "<group>"; };
		B4B4FA2321FCFD90005CD17B /* Model.swift */ = {isa = PBXFileReference; lastKnownFileType = sourcecode.swift; path = Model.swift; sourceTree = "<group>"; };
		B4C2B2FF21FCF88E00866E86 /* ModelJSON.swift */ = {isa = PBXFileReference; lastKnownFileType = sourcecode.swift; path = ModelJSON.swift; sourceTree = "<group>"; };
		B4DF2F9421FE356100FAC719 /* citiesTest.json */ = {isa = PBXFileReference; lastKnownFileType = text.json; path = citiesTest.json; sourceTree = "<group>"; };
		B4FB6CE32200F6270013AEA2 /* Polyline.swift */ = {isa = PBXFileReference; fileEncoding = 4; lastKnownFileType = sourcecode.swift; path = Polyline.swift; sourceTree = "<group>"; };
		B4FB6CE92201000D0013AEA2 /* FloatingPanel.framework */ = {isa = PBXFileReference; lastKnownFileType = wrapper.framework; path = FloatingPanel.framework; sourceTree = "<group>"; };
		B4FB6CEB220100540013AEA2 /* CitiesViewController.swift */ = {isa = PBXFileReference; lastKnownFileType = sourcecode.swift; path = CitiesViewController.swift; sourceTree = "<group>"; };
/* End PBXFileReference section */

/* Begin PBXFrameworksBuildPhase section */
		B463ADCF21FCCC5E00F072BB /* Frameworks */ = {
			isa = PBXFrameworksBuildPhase;
			buildActionMask = 2147483647;
			files = (
				B4FB6CEA2201000D0013AEA2 /* FloatingPanel.framework in Frameworks */,
			);
			runOnlyForDeploymentPostprocessing = 0;
		};
		B483478921FE2B1A00F9060F /* Frameworks */ = {
			isa = PBXFrameworksBuildPhase;
			buildActionMask = 2147483647;
			files = (
			);
			runOnlyForDeploymentPostprocessing = 0;
		};
/* End PBXFrameworksBuildPhase section */

/* Begin PBXGroup section */
		B458A31221FCD15700C5990B /* Map */ = {
			isa = PBXGroup;
			children = (
				B458A31321FCD17000C5990B /* MapViewController.swift */,
			);
			path = Map;
			sourceTree = "<group>";
		};
		B463ADC921FCCC5E00F072BB = {
			isa = PBXGroup;
			children = (
				B4109EBA2209CE04006CC52C /* bariLocation.gpx */,
				B463ADD421FCCC5E00F072BB /* Glovo App */,
				B483478D21FE2B1A00F9060F /* Glovo AppTests */,
				B463ADD321FCCC5E00F072BB /* Products */,
				B4FB6CE82200FFED0013AEA2 /* Framework */,
			);
			sourceTree = "<group>";
		};
		B463ADD321FCCC5E00F072BB /* Products */ = {
			isa = PBXGroup;
			children = (
				B463ADD221FCCC5E00F072BB /* Glovo App.app */,
				B483478C21FE2B1A00F9060F /* Glovo AppTests.xctest */,
			);
			name = Products;
			sourceTree = "<group>";
		};
		B463ADD421FCCC5E00F072BB /* Glovo App */ = {
			isa = PBXGroup;
			children = (
				B463ADE121FCCC6100F072BB /* Info.plist */,
				B463ADD521FCCC5E00F072BB /* AppDelegate.swift */,
				B458A31521FCD19100C5990B /* Extensions.swift */,
				B458A31021FCCDD700C5990B /* LauncherViewController.swift */,
				B4109EB822099D14006CC52C /* LocationServices.swift */,
				B4FB6CE32200F6270013AEA2 /* Polyline.swift */,
				B463ADDC21FCCC6100F072BB /* Assets.xcassets */,
				B4C2B2FE21FCF87300866E86 /* API */,
				B463ADDE21FCCC6100F072BB /* LaunchScreen.storyboard */,
				B458A31221FCD15700C5990B /* Map */,
				B4FB6CED220100590013AEA2 /* Panel Information */,
			);
			path = "Glovo App";
			sourceTree = "<group>";
		};
		B483478D21FE2B1A00F9060F /* Glovo AppTests */ = {
			isa = PBXGroup;
			children = (
				B483478E21FE2B1A00F9060F /* GlovoAPITest.swift */,
				B483479021FE2B1A00F9060F /* Info.plist */,
				B4DF2F9421FE356100FAC719 /* citiesTest.json */,
				B4552AF121FF328200CA18AE /* countriesTest.json */,
				B4552AEF21FF04E600CA18AE /* firTest.json */,
			);
			path = "Glovo AppTests";
			sourceTree = "<group>";
		};
		B4C2B2FE21FCF87300866E86 /* API */ = {
			isa = PBXGroup;
			children = (
				B499564421FDFBEB000C8A3D /* Router.swift */,
				B4B4FA2321FCFD90005CD17B /* Model.swift */,
				B4C2B2FF21FCF88E00866E86 /* ModelJSON.swift */,
				B46FE80421FE126D0039729D /* APIResponse.swift */,
			);
			path = API;
			sourceTree = "<group>";
		};
		B4FB6CE82200FFED0013AEA2 /* Framework */ = {
			isa = PBXGroup;
			children = (
				B4FB6CE92201000D0013AEA2 /* FloatingPanel.framework */,
			);
			name = Framework;
			path = Carthage/Build/iOS;
			sourceTree = "<group>";
		};
		B4FB6CED220100590013AEA2 /* Panel Information */ = {
			isa = PBXGroup;
			children = (
				B4FB6CEB220100540013AEA2 /* CitiesViewController.swift */,
				B4109EB622099B22006CC52C /* CitiesTableViewController.swift */,
			);
			path = "Panel Information";
			sourceTree = "<group>";
		};
/* End PBXGroup section */

/* Begin PBXNativeTarget section */
		B463ADD121FCCC5E00F072BB /* Glovo App */ = {
			isa = PBXNativeTarget;
			buildConfigurationList = B463ADE421FCCC6100F072BB /* Build configuration list for PBXNativeTarget "Glovo App" */;
			buildPhases = (
				B463ADCE21FCCC5E00F072BB /* Sources */,
				B463ADCF21FCCC5E00F072BB /* Frameworks */,
				B463ADD021FCCC5E00F072BB /* Resources */,
				B4FB6CE52200FFA60013AEA2 /* Carthage Frameworks */,
			);
			buildRules = (
			);
			dependencies = (
			);
			name = "Glovo App";
			productName = "Glovo App";
			productReference = B463ADD221FCCC5E00F072BB /* Glovo App.app */;
			productType = "com.apple.product-type.application";
		};
		B483478B21FE2B1A00F9060F /* Glovo AppTests */ = {
			isa = PBXNativeTarget;
			buildConfigurationList = B483479321FE2B1A00F9060F /* Build configuration list for PBXNativeTarget "Glovo AppTests" */;
			buildPhases = (
				B483478821FE2B1A00F9060F /* Sources */,
				B483478921FE2B1A00F9060F /* Frameworks */,
				B483478A21FE2B1A00F9060F /* Resources */,
			);
			buildRules = (
			);
			dependencies = (
				B483479221FE2B1A00F9060F /* PBXTargetDependency */,
			);
			name = "Glovo AppTests";
			productName = "Glovo AppTests";
			productReference = B483478C21FE2B1A00F9060F /* Glovo AppTests.xctest */;
			productType = "com.apple.product-type.bundle.unit-test";
		};
/* End PBXNativeTarget section */

/* Begin PBXProject section */
		B463ADCA21FCCC5E00F072BB /* Project object */ = {
			isa = PBXProject;
			attributes = {
				LastSwiftUpdateCheck = 1010;
				LastUpgradeCheck = 1010;
				ORGANIZATIONNAME = Test;
				TargetAttributes = {
					B463ADD121FCCC5E00F072BB = {
						CreatedOnToolsVersion = 10.1;
					};
					B483478B21FE2B1A00F9060F = {
						CreatedOnToolsVersion = 10.1;
						TestTargetID = B463ADD121FCCC5E00F072BB;
					};
				};
			};
			buildConfigurationList = B463ADCD21FCCC5E00F072BB /* Build configuration list for PBXProject "Glovo App" */;
			compatibilityVersion = "Xcode 9.3";
			developmentRegion = en;
			hasScannedForEncodings = 0;
			knownRegions = (
				en,
				Base,
			);
			mainGroup = B463ADC921FCCC5E00F072BB;
			productRefGroup = B463ADD321FCCC5E00F072BB /* Products */;
			projectDirPath = "";
			projectRoot = "";
			targets = (
				B463ADD121FCCC5E00F072BB /* Glovo App */,
				B483478B21FE2B1A00F9060F /* Glovo AppTests */,
			);
		};
/* End PBXProject section */

/* Begin PBXResourcesBuildPhase section */
		B463ADD021FCCC5E00F072BB /* Resources */ = {
			isa = PBXResourcesBuildPhase;
			buildActionMask = 2147483647;
			files = (
				B463ADE021FCCC6100F072BB /* LaunchScreen.storyboard in Resources */,
				B463ADDD21FCCC6100F072BB /* Assets.xcassets in Resources */,
			);
			runOnlyForDeploymentPostprocessing = 0;
		};
		B483478A21FE2B1A00F9060F /* Resources */ = {
			isa = PBXResourcesBuildPhase;
			buildActionMask = 2147483647;
			files = (
				B4552AF221FF328500CA18AE /* countriesTest.json in Resources */,
				B4DF2F9521FE356100FAC719 /* citiesTest.json in Resources */,
				B4552AF021FF04E600CA18AE /* firTest.json in Resources */,
			);
			runOnlyForDeploymentPostprocessing = 0;
		};
/* End PBXResourcesBuildPhase section */

/* Begin PBXShellScriptBuildPhase section */
		B4FB6CE52200FFA60013AEA2 /* Carthage Frameworks */ = {
			isa = PBXShellScriptBuildPhase;
			buildActionMask = 2147483647;
			files = (
			);
			inputFileListPaths = (
			);
			inputPaths = (
				"$(SRCROOT)/Carthage/Build/iOS/FloatingPanel.framework",
			);
			name = "Carthage Frameworks";
			outputFileListPaths = (
			);
			outputPaths = (
			);
			runOnlyForDeploymentPostprocessing = 0;
			shellPath = /bin/sh;
			shellScript = "/usr/local/bin/carthage copy-frameworks\n";
		};
/* End PBXShellScriptBuildPhase section */

/* Begin PBXSourcesBuildPhase section */
		B463ADCE21FCCC5E00F072BB /* Sources */ = {
			isa = PBXSourcesBuildPhase;
			buildActionMask = 2147483647;
			files = (
				B4FB6CE42200F6270013AEA2 /* Polyline.swift in Sources */,
				B4FB6CEC220100540013AEA2 /* CitiesViewController.swift in Sources */,
				B4C2B30021FCF88E00866E86 /* ModelJSON.swift in Sources */,
				B458A31121FCCDD700C5990B /* LauncherViewController.swift in Sources */,
				B458A31421FCD17000C5990B /* MapViewController.swift in Sources */,
				B499564521FDFBEB000C8A3D /* Router.swift in Sources */,
				B4B4FA2421FCFD90005CD17B /* Model.swift in Sources */,
				B46FE80521FE126D0039729D /* APIResponse.swift in Sources */,
				B463ADD621FCCC5E00F072BB /* AppDelegate.swift in Sources */,
				B4109EB722099B22006CC52C /* CitiesTableViewController.swift in Sources */,
				B4109EB922099D14006CC52C /* LocationServices.swift in Sources */,
				B458A31621FCD19100C5990B /* Extensions.swift in Sources */,
			);
			runOnlyForDeploymentPostprocessing = 0;
		};
		B483478821FE2B1A00F9060F /* Sources */ = {
			isa = PBXSourcesBuildPhase;
			buildActionMask = 2147483647;
			files = (
				B483478F21FE2B1A00F9060F /* GlovoAPITest.swift in Sources */,
			);
			runOnlyForDeploymentPostprocessing = 0;
		};
/* End PBXSourcesBuildPhase section */

/* Begin PBXTargetDependency section */
		B483479221FE2B1A00F9060F /* PBXTargetDependency */ = {
			isa = PBXTargetDependency;
			target = B463ADD121FCCC5E00F072BB /* Glovo App */;
			targetProxy = B483479121FE2B1A00F9060F /* PBXContainerItemProxy */;
		};
/* End PBXTargetDependency section */

/* Begin PBXVariantGroup section */
		B463ADDE21FCCC6100F072BB /* LaunchScreen.storyboard */ = {
			isa = PBXVariantGroup;
			children = (
				B463ADDF21FCCC6100F072BB /* Base */,
			);
			name = LaunchScreen.storyboard;
			sourceTree = "<group>";
		};
/* End PBXVariantGroup section */

/* Begin XCBuildConfiguration section */
		B463ADE221FCCC6100F072BB /* Debug */ = {
			isa = XCBuildConfiguration;
			buildSettings = {
				ALWAYS_SEARCH_USER_PATHS = NO;
				CLANG_ANALYZER_NONNULL = YES;
				CLANG_ANALYZER_NUMBER_OBJECT_CONVERSION = YES_AGGRESSIVE;
				CLANG_CXX_LANGUAGE_STANDARD = "gnu++14";
				CLANG_CXX_LIBRARY = "libc++";
				CLANG_ENABLE_MODULES = YES;
				CLANG_ENABLE_OBJC_ARC = YES;
				CLANG_ENABLE_OBJC_WEAK = YES;
				CLANG_WARN_BLOCK_CAPTURE_AUTORELEASING = YES;
				CLANG_WARN_BOOL_CONVERSION = YES;
				CLANG_WARN_COMMA = YES;
				CLANG_WARN_CONSTANT_CONVERSION = YES;
				CLANG_WARN_DEPRECATED_OBJC_IMPLEMENTATIONS = YES;
				CLANG_WARN_DIRECT_OBJC_ISA_USAGE = YES_ERROR;
				CLANG_WARN_DOCUMENTATION_COMMENTS = YES;
				CLANG_WARN_EMPTY_BODY = YES;
				CLANG_WARN_ENUM_CONVERSION = YES;
				CLANG_WARN_INFINITE_RECURSION = YES;
				CLANG_WARN_INT_CONVERSION = YES;
				CLANG_WARN_NON_LITERAL_NULL_CONVERSION = YES;
				CLANG_WARN_OBJC_IMPLICIT_RETAIN_SELF = YES;
				CLANG_WARN_OBJC_LITERAL_CONVERSION = YES;
				CLANG_WARN_OBJC_ROOT_CLASS = YES_ERROR;
				CLANG_WARN_RANGE_LOOP_ANALYSIS = YES;
				CLANG_WARN_STRICT_PROTOTYPES = YES;
				CLANG_WARN_SUSPICIOUS_MOVE = YES;
				CLANG_WARN_UNGUARDED_AVAILABILITY = YES_AGGRESSIVE;
				CLANG_WARN_UNREACHABLE_CODE = YES;
				CLANG_WARN__DUPLICATE_METHOD_MATCH = YES;
				CODE_SIGN_IDENTITY = "iPhone Developer";
				COPY_PHASE_STRIP = NO;
				DEBUG_INFORMATION_FORMAT = dwarf;
				ENABLE_STRICT_OBJC_MSGSEND = YES;
				ENABLE_TESTABILITY = YES;
				GCC_C_LANGUAGE_STANDARD = gnu11;
				GCC_DYNAMIC_NO_PIC = NO;
				GCC_NO_COMMON_BLOCKS = YES;
				GCC_OPTIMIZATION_LEVEL = 0;
				GCC_PREPROCESSOR_DEFINITIONS = (
					"DEBUG=1",
					"$(inherited)",
				);
				GCC_WARN_64_TO_32_BIT_CONVERSION = YES;
				GCC_WARN_ABOUT_RETURN_TYPE = YES_ERROR;
				GCC_WARN_UNDECLARED_SELECTOR = YES;
				GCC_WARN_UNINITIALIZED_AUTOS = YES_AGGRESSIVE;
				GCC_WARN_UNUSED_FUNCTION = YES;
				GCC_WARN_UNUSED_VARIABLE = YES;
				IPHONEOS_DEPLOYMENT_TARGET = 10.0;
				MTL_ENABLE_DEBUG_INFO = INCLUDE_SOURCE;
				MTL_FAST_MATH = YES;
				ONLY_ACTIVE_ARCH = YES;
				SDKROOT = iphoneos;
				SWIFT_ACTIVE_COMPILATION_CONDITIONS = DEBUG;
				SWIFT_OPTIMIZATION_LEVEL = "-Onone";
			};
			name = Debug;
		};
		B463ADE321FCCC6100F072BB /* Release */ = {
			isa = XCBuildConfiguration;
			buildSettings = {
				ALWAYS_SEARCH_USER_PATHS = NO;
				CLANG_ANALYZER_NONNULL = YES;
				CLANG_ANALYZER_NUMBER_OBJECT_CONVERSION = YES_AGGRESSIVE;
				CLANG_CXX_LANGUAGE_STANDARD = "gnu++14";
				CLANG_CXX_LIBRARY = "libc++";
				CLANG_ENABLE_MODULES = YES;
				CLANG_ENABLE_OBJC_ARC = YES;
				CLANG_ENABLE_OBJC_WEAK = YES;
				CLANG_WARN_BLOCK_CAPTURE_AUTORELEASING = YES;
				CLANG_WARN_BOOL_CONVERSION = YES;
				CLANG_WARN_COMMA = YES;
				CLANG_WARN_CONSTANT_CONVERSION = YES;
				CLANG_WARN_DEPRECATED_OBJC_IMPLEMENTATIONS = YES;
				CLANG_WARN_DIRECT_OBJC_ISA_USAGE = YES_ERROR;
				CLANG_WARN_DOCUMENTATION_COMMENTS = YES;
				CLANG_WARN_EMPTY_BODY = YES;
				CLANG_WARN_ENUM_CONVERSION = YES;
				CLANG_WARN_INFINITE_RECURSION = YES;
				CLANG_WARN_INT_CONVERSION = YES;
				CLANG_WARN_NON_LITERAL_NULL_CONVERSION = YES;
				CLANG_WARN_OBJC_IMPLICIT_RETAIN_SELF = YES;
				CLANG_WARN_OBJC_LITERAL_CONVERSION = YES;
				CLANG_WARN_OBJC_ROOT_CLASS = YES_ERROR;
				CLANG_WARN_RANGE_LOOP_ANALYSIS = YES;
				CLANG_WARN_STRICT_PROTOTYPES = YES;
				CLANG_WARN_SUSPICIOUS_MOVE = YES;
				CLANG_WARN_UNGUARDED_AVAILABILITY = YES_AGGRESSIVE;
				CLANG_WARN_UNREACHABLE_CODE = YES;
				CLANG_WARN__DUPLICATE_METHOD_MATCH = YES;
				CODE_SIGN_IDENTITY = "iPhone Developer";
				COPY_PHASE_STRIP = NO;
				DEBUG_INFORMATION_FORMAT = "dwarf-with-dsym";
				ENABLE_NS_ASSERTIONS = NO;
				ENABLE_STRICT_OBJC_MSGSEND = YES;
				GCC_C_LANGUAGE_STANDARD = gnu11;
				GCC_NO_COMMON_BLOCKS = YES;
				GCC_WARN_64_TO_32_BIT_CONVERSION = YES;
				GCC_WARN_ABOUT_RETURN_TYPE = YES_ERROR;
				GCC_WARN_UNDECLARED_SELECTOR = YES;
				GCC_WARN_UNINITIALIZED_AUTOS = YES_AGGRESSIVE;
				GCC_WARN_UNUSED_FUNCTION = YES;
				GCC_WARN_UNUSED_VARIABLE = YES;
				IPHONEOS_DEPLOYMENT_TARGET = 10.0;
				MTL_ENABLE_DEBUG_INFO = NO;
				MTL_FAST_MATH = YES;
				SDKROOT = iphoneos;
				SWIFT_COMPILATION_MODE = wholemodule;
				SWIFT_OPTIMIZATION_LEVEL = "-O";
				VALIDATE_PRODUCT = YES;
			};
			name = Release;
		};
		B463ADE521FCCC6100F072BB /* Debug */ = {
			isa = XCBuildConfiguration;
			buildSettings = {
				ASSETCATALOG_COMPILER_APPICON_NAME = AppIcon;
				CODE_SIGN_STYLE = Automatic;
				DEVELOPMENT_TEAM = T24S44J7TL;
				FRAMEWORK_SEARCH_PATHS = (
					"$(inherited)",
					"$(PROJECT_DIR)/Carthage/Build/iOS",
				);
				INFOPLIST_FILE = "Glovo App/Info.plist";
				LD_RUNPATH_SEARCH_PATHS = (
					"$(inherited)",
					"@executable_path/Frameworks",
				);
				PRODUCT_BUNDLE_IDENTIFIER = com.test.glovoapp;
				PRODUCT_NAME = "$(TARGET_NAME)";
				SWIFT_VERSION = 4.2;
				TARGETED_DEVICE_FAMILY = "1,2";
			};
			name = Debug;
		};
		B463ADE621FCCC6100F072BB /* Release */ = {
			isa = XCBuildConfiguration;
			buildSettings = {
				ASSETCATALOG_COMPILER_APPICON_NAME = AppIcon;
				CODE_SIGN_STYLE = Automatic;
				DEVELOPMENT_TEAM = T24S44J7TL;
				FRAMEWORK_SEARCH_PATHS = (
					"$(inherited)",
					"$(PROJECT_DIR)/Carthage/Build/iOS",
				);
				INFOPLIST_FILE = "Glovo App/Info.plist";
				LD_RUNPATH_SEARCH_PATHS = (
					"$(inherited)",
					"@executable_path/Frameworks",
				);
				PRODUCT_BUNDLE_IDENTIFIER = com.test.glovoapp;
				PRODUCT_NAME = "$(TARGET_NAME)";
				SWIFT_VERSION = 4.2;
				TARGETED_DEVICE_FAMILY = "1,2";
			};
			name = Release;
		};
		B483479421FE2B1A00F9060F /* Debug */ = {
			isa = XCBuildConfiguration;
			buildSettings = {
				BUNDLE_LOADER = "$(TEST_HOST)";
				CODE_SIGN_STYLE = Automatic;
				INFOPLIST_FILE = "Glovo AppTests/Info.plist";
				LD_RUNPATH_SEARCH_PATHS = (
					"$(inherited)",
					"@executable_path/Frameworks",
					"@loader_path/Frameworks",
				);
				PRODUCT_BUNDLE_IDENTIFIER = "com.test.Glovo-AppTests";
				PRODUCT_MODULE_NAME = "$(PRODUCT_NAME:c99extidentifier)";
				PRODUCT_NAME = "$(TARGET_NAME)";
				SWIFT_VERSION = 4.2;
				TARGETED_DEVICE_FAMILY = "1,2";
				TEST_HOST = "$(BUILT_PRODUCTS_DIR)/Glovo App.app/Glovo App";
			};
			name = Debug;
		};
		B483479521FE2B1A00F9060F /* Release */ = {
			isa = XCBuildConfiguration;
			buildSettings = {
				BUNDLE_LOADER = "$(TEST_HOST)";
				CODE_SIGN_STYLE = Automatic;
				INFOPLIST_FILE = "Glovo AppTests/Info.plist";
				LD_RUNPATH_SEARCH_PATHS = (
					"$(inherited)",
					"@executable_path/Frameworks",
					"@loader_path/Frameworks",
				);
				PRODUCT_BUNDLE_IDENTIFIER = "com.test.Glovo-AppTests";
				PRODUCT_MODULE_NAME = "$(PRODUCT_NAME:c99extidentifier)";
				PRODUCT_NAME = "$(TARGET_NAME)";
				SWIFT_VERSION = 4.2;
				TARGETED_DEVICE_FAMILY = "1,2";
				TEST_HOST = "$(BUILT_PRODUCTS_DIR)/Glovo App.app/Glovo App";
			};
			name = Release;
		};
/* End XCBuildConfiguration section */

/* Begin XCConfigurationList section */
		B463ADCD21FCCC5E00F072BB /* Build configuration list for PBXProject "Glovo App" */ = {
			isa = XCConfigurationList;
			buildConfigurations = (
				B463ADE221FCCC6100F072BB /* Debug */,
				B463ADE321FCCC6100F072BB /* Release */,
			);
			defaultConfigurationIsVisible = 0;
			defaultConfigurationName = Release;
		};
		B463ADE421FCCC6100F072BB /* Build configuration list for PBXNativeTarget "Glovo App" */ = {
			isa = XCConfigurationList;
			buildConfigurations = (
				B463ADE521FCCC6100F072BB /* Debug */,
				B463ADE621FCCC6100F072BB /* Release */,
			);
			defaultConfigurationIsVisible = 0;
			defaultConfigurationName = Release;
		};
		B483479321FE2B1A00F9060F /* Build configuration list for PBXNativeTarget "Glovo AppTests" */ = {
			isa = XCConfigurationList;
			buildConfigurations = (
				B483479421FE2B1A00F9060F /* Debug */,
				B483479521FE2B1A00F9060F /* Release */,
			);
			defaultConfigurationIsVisible = 0;
			defaultConfigurationName = Release;
		};
/* End XCConfigurationList section */
	};
	rootObject = B463ADCA21FCCC5E00F072BB /* Project object */;
}
